<?xml version="1.0" encoding="UTF-8"?>
<CONFIG>
  <ProjectOptions>
    <Version Value="9"/>
    <PathDelim Value="\"/>
    <General>
      <MainUnit Value="0"/>
      <UseAppBundle Value="False"/>
      <ResourceType Value="res"/>
      <UseXPManifest Value="True"/>
      <ActiveWindowIndexAtStart Value="0"/>
    </General>
    <i18n>
      <EnableI18N Value="True"/>
      <OutDir Value="language"/>
    </i18n>
    <VersionInfo>
      <UseVersionInfo Value="True"/>
      <AutoIncrementBuild Value="True"/>
      <MajorVersionNr Value="1"/>
      <BuildNr Value="26"/>
      <StringTable CompanyName="by esvignolo" ProductVersion=""/>
    </VersionInfo>
    <BuildModes Count="4" Active="Debug">
      <Item1 Name="Debug" Default="True"/>
      <Item2 Name="BetaWin32">
        <CompilerOptions>
          <Version Value="11"/>
          <PathDelim Value="\"/>
          <Target>
            <Filename Value="ApkTranslationWizard"/>
          </Target>
          <SearchPaths>
            <IncludeFiles Value="$(ProjOutDir)"/>
            <OtherUnitFiles Value="components\lnet\trunk\lib;components\lnet\trunk\lazaruspackage;components\rx"/>
            <UnitOutputDirectory Value="lib\$(TargetCPU)-$(TargetOS)"/>
          </SearchPaths>
          <CodeGeneration>
            <SmartLinkUnit Value="True"/>
            <Optimizations>
              <OptimizationLevel Value="3"/>
              <VariablesInRegisters Value="True"/>
              <UncertainOptimizations Value="True"/>
            </Optimizations>
          </CodeGeneration>
          <Linking>
            <Debugging>
              <StripSymbols Value="True"/>
            </Debugging>
            <LinkSmart Value="True"/>
            <Options>
              <Win32>
                <GraphicApplication Value="True"/>
              </Win32>
            </Options>
          </Linking>
          <Other>
            <CompilerMessages>
              <UseMsgFile Value="True"/>
            </CompilerMessages>
            <CompilerPath Value="$(CompPath)"/>
          </Other>
        </CompilerOptions>
      </Item2>
      <Item3 Name="BetaGTK2">
        <CompilerOptions>
          <Version Value="11"/>
          <PathDelim Value="\"/>
          <Target>
            <Filename Value="ApkTranslationWizard-GTK2"/>
          </Target>
          <SearchPaths>
            <IncludeFiles Value="$(ProjOutDir)"/>
            <OtherUnitFiles Value="components\lnet\trunk\lib;components\lnet\trunk\lazaruspackage;components\rx"/>
            <UnitOutputDirectory Value="lib\$(TargetCPU)-$(TargetOS)"/>
          </SearchPaths>
          <CodeGeneration>
            <SmartLinkUnit Value="True"/>
            <Optimizations>
              <OptimizationLevel Value="3"/>
              <UncertainOptimizations Value="True"/>
            </Optimizations>
          </CodeGeneration>
          <Linking>
            <Debugging>
              <StripSymbols Value="True"/>
            </Debugging>
            <LinkSmart Value="True"/>
            <Options>
              <Win32>
                <GraphicApplication Value="True"/>
              </Win32>
            </Options>
          </Linking>
          <Other>
            <CompilerMessages>
              <UseMsgFile Value="True"/>
            </CompilerMessages>
            <CompilerPath Value="$(CompPath)"/>
          </Other>
        </CompilerOptions>
      </Item3>
      <Item4 Name="BetaQT">
        <CompilerOptions>
          <Version Value="11"/>
          <PathDelim Value="\"/>
          <Target>
            <Filename Value="ApkTranslationWizard-QT"/>
          </Target>
          <SearchPaths>
            <IncludeFiles Value="$(ProjOutDir)"/>
            <OtherUnitFiles Value="components\lnet\trunk\lib;components\lnet\trunk\lazaruspackage;components\rx"/>
            <UnitOutputDirectory Value="lib\$(TargetCPU)-$(TargetOS)"/>
          </SearchPaths>
          <CodeGeneration>
            <SmartLinkUnit Value="True"/>
            <Optimizations>
              <OptimizationLevel Value="3"/>
              <UncertainOptimizations Value="True"/>
            </Optimizations>
          </CodeGeneration>
          <Linking>
            <Debugging>
              <StripSymbols Value="True"/>
            </Debugging>
            <LinkSmart Value="True"/>
            <Options>
              <Win32>
                <GraphicApplication Value="True"/>
              </Win32>
            </Options>
          </Linking>
          <Other>
            <CompilerMessages>
              <UseMsgFile Value="True"/>
            </CompilerMessages>
            <CompilerPath Value="$(CompPath)"/>
          </Other>
        </CompilerOptions>
      </Item4>
    </BuildModes>
    <PublishOptions>
      <Version Value="2"/>
      <IncludeFileFilter Value="*.(pas|pp|inc|lfm|lpr|lrs|lpi|lpk|sh|xml)"/>
      <ExcludeFileFilter Value="*.(bak|ppu|o|so);*~;backup"/>
    </PublishOptions>
    <RunParams>
      <local>
        <FormatVersion Value="1"/>
        <WorkingDirectory Value="\home\bc\ApkTranslationWizard\"/>
      </local>
    </RunParams>
    <RequiredPackages Count="3">
      <Item1>
        <PackageName Value="SQLDBLaz"/>
        <MinVersion Major="1" Release="1" Valid="True"/>
      </Item1>
      <Item2>
        <PackageName Value="FCL"/>
        <MinVersion Major="1" Valid="True"/>
      </Item2>
      <Item3>
        <PackageName Value="LCL"/>
      </Item3>
    </RequiredPackages>
    <Units Count="62">
      <Unit0>
        <Filename Value="ApkTranslationWizard.lpr"/>
        <IsPartOfProject Value="True"/>
        <UnitName Value="ApkTranslationWizard"/>
        <TopLine Value="1"/>
        <CursorPos X="89" Y="14"/>
        <UsageCount Value="200"/>
      </Unit0>
      <Unit1>
        <Filename Value="main.pas"/>
        <IsPartOfProject Value="True"/>
        <ComponentName Value="frmMain"/>
        <HasResources Value="True"/>
        <ResourceBaseClass Value="Form"/>
        <UnitName Value="Main"/>
        <IsVisibleTab Value="True"/>
        <EditorIndex Value="0"/>
        <WindowIndex Value="0"/>
        <TopLine Value="849"/>
        <CursorPos X="3" Y="743"/>
        <UsageCount Value="200"/>
        <Bookmarks Count="2">
          <Item0 X="1" Y="333" ID="2"/>
          <Item1 X="32" Y="768" ID="1"/>
        </Bookmarks>
        <Loaded Value="True"/>
        <LoadedDesigner Value="True"/>
      </Unit1>
      <Unit2>
        <Filename Value="C:\lazarus\fpc\2.4.4\source\rtl\objpas\sysutils\sysstrh.inc"/>
        <WindowIndex Value="0"/>
        <TopLine Value="200"/>
        <CursorPos X="10" Y="211"/>
        <UsageCount Value="9"/>
      </Unit2>
      <Unit3>
        <Filename Value="C:\lazarus\lcl\include\fileutil.inc"/>
        <WindowIndex Value="0"/>
        <TopLine Value="286"/>
        <CursorPos X="1" Y="300"/>
        <UsageCount Value="7"/>
      </Unit3>
      <Unit4>
        <Filename Value="C:\lazarus\lcl\include\control.inc"/>
        <WindowIndex Value="0"/>
        <TopLine Value="2272"/>
        <CursorPos X="1" Y="2288"/>
        <UsageCount Value="6"/>
      </Unit4>
      <Unit5>
        <Filename Value="C:\lazarus\lcl\include\wincontrol.inc"/>
        <WindowIndex Value="0"/>
        <TopLine Value="7151"/>
        <CursorPos X="1" Y="7165"/>
        <UsageCount Value="4"/>
      </Unit5>
      <Unit6>
        <Filename Value="C:\lazarus\fpc\2.4.4\source\rtl\inc\ustringh.inc"/>
        <WindowIndex Value="0"/>
        <TopLine Value="92"/>
        <CursorPos X="35" Y="106"/>
        <UsageCount Value="7"/>
      </Unit6>
      <Unit7>
        <Filename Value="C:\lazarus\fpc\2.4.4\source\packages\fcl-xml\src\dom.pp"/>
        <UnitName Value="DOM"/>
        <WindowIndex Value="0"/>
        <TopLine Value="34"/>
        <CursorPos X="24" Y="41"/>
        <UsageCount Value="6"/>
      </Unit7>
      <Unit8>
        <Filename Value="C:\lazarus\fpc\2.4.4\source\packages\fcl-db\src\base\bufdataset.pas"/>
        <UnitName Value="BufDataset"/>
        <WindowIndex Value="0"/>
        <TopLine Value="1396"/>
        <CursorPos X="50" Y="2944"/>
        <UsageCount Value="6"/>
      </Unit8>
      <Unit9>
        <Filename Value="C:\lazarus\fpc\2.4.4\source\packages\fcl-db\src\base\db.pas"/>
        <UnitName Value="db"/>
        <WindowIndex Value="0"/>
        <TopLine Value="911"/>
        <CursorPos X="19" Y="922"/>
        <UsageCount Value="11"/>
      </Unit9>
      <Unit10>
        <Filename Value="C:\lazarus\fpc\2.4.4\source\packages\fcl-db\src\base\dataset.inc"/>
        <WindowIndex Value="0"/>
        <TopLine Value="2288"/>
        <CursorPos X="3" Y="2291"/>
        <UsageCount Value="6"/>
      </Unit10>
      <Unit11>
        <Filename Value="C:\lazarus\lcl\include\customedit.inc"/>
        <WindowIndex Value="0"/>
        <TopLine Value="496"/>
        <CursorPos X="9" Y="501"/>
        <UsageCount Value="5"/>
      </Unit11>
      <Unit12>
        <Filename Value="C:\lazarus\lcl\dbgrids.pas"/>
        <UnitName Value="DBGrids"/>
        <WindowIndex Value="0"/>
        <TopLine Value="3054"/>
        <CursorPos X="12" Y="3066"/>
        <UsageCount Value="5"/>
      </Unit12>
      <Unit13>
        <Filename Value="C:\lazarus\lcl\grids.pas"/>
        <UnitName Value="Grids"/>
        <WindowIndex Value="0"/>
        <TopLine Value="3877"/>
        <CursorPos X="3" Y="3850"/>
        <UsageCount Value="5"/>
      </Unit13>
      <Unit14>
        <Filename Value="C:\lazarus\fpc\2.4.4\source\packages\fcl-xml\src\xmlread.pp"/>
        <UnitName Value="XMLRead"/>
        <WindowIndex Value="0"/>
        <TopLine Value="31"/>
        <CursorPos X="11" Y="44"/>
        <UsageCount Value="6"/>
      </Unit14>
      <Unit15>
        <Filename Value="C:\lazarus\fpc\2.4.4\source\packages\paszlib\src\zip.pas"/>
        <UnitName Value="zip"/>
        <WindowIndex Value="0"/>
        <TopLine Value="65"/>
        <CursorPos X="22" Y="76"/>
        <UsageCount Value="4"/>
      </Unit15>
      <Unit16>
        <Filename Value="C:\lazarus\fpc\2.4.4\source\packages\paszlib\src\zipper.pp"/>
        <UnitName Value="zipper"/>
        <WindowIndex Value="0"/>
        <TopLine Value="1402"/>
        <CursorPos X="9" Y="1405"/>
        <UsageCount Value="6"/>
      </Unit16>
      <Unit17>
        <Filename Value="components\fparchive\AbLzma.pas"/>
        <UnitName Value="AbLzma"/>
        <TopLine Value="357"/>
        <CursorPos X="76" Y="283"/>
        <UsageCount Value="6"/>
      </Unit17>
      <Unit18>
        <Filename Value="C:\lazarus\fpc\2.4.4\source\packages\fcl-process\src\process.pp"/>
        <UnitName Value="process"/>
        <WindowIndex Value="0"/>
        <TopLine Value="14"/>
        <CursorPos X="40" Y="30"/>
        <UsageCount Value="7"/>
      </Unit18>
      <Unit19>
        <Filename Value="components\fparchive\abzipper.pas"/>
        <UnitName Value="AbZipper"/>
        <WindowIndex Value="0"/>
        <TopLine Value="192"/>
        <CursorPos X="14" Y="197"/>
        <UsageCount Value="8"/>
      </Unit19>
      <Unit20>
        <Filename Value="components\fparchive\abbrowse.pas"/>
        <UnitName Value="AbBrowse"/>
        <WindowIndex Value="0"/>
        <TopLine Value="265"/>
        <CursorPos X="3" Y="260"/>
        <UsageCount Value="4"/>
      </Unit20>
      <Unit21>
        <Filename Value="components\fparchive\abutils.pas"/>
        <UnitName Value="AbUtils"/>
        <WindowIndex Value="0"/>
        <TopLine Value="76"/>
        <CursorPos X="3" Y="88"/>
        <UsageCount Value="3"/>
      </Unit21>
      <Unit22>
        <Filename Value="components\fparchive\abziptyp.pas"/>
        <UnitName Value="AbZipTyp"/>
        <WindowIndex Value="0"/>
        <TopLine Value="160"/>
        <CursorPos X="42" Y="177"/>
        <UsageCount Value="5"/>
      </Unit22>
      <Unit23>
        <Filename Value="components\fparchive\abunzper.pas"/>
        <UnitName Value="AbUnzper"/>
        <WindowIndex Value="0"/>
        <TopLine Value="82"/>
        <CursorPos X="75" Y="91"/>
        <UsageCount Value="3"/>
      </Unit23>
      <Unit24>
        <Filename Value="components\fparchive\abzbrows.pas"/>
        <UnitName Value="AbZBrows"/>
        <WindowIndex Value="0"/>
        <TopLine Value="138"/>
        <CursorPos X="1" Y="149"/>
        <UsageCount Value="5"/>
      </Unit24>
      <Unit25>
        <Filename Value="C:\lazarus\fpc\2.4.4\source\rtl\objpas\objpas.pp"/>
        <UnitName Value="objpas"/>
        <WindowIndex Value="0"/>
        <TopLine Value="72"/>
        <CursorPos X="18" Y="82"/>
        <UsageCount Value="9"/>
      </Unit25>
      <Unit26>
        <Filename Value="C:\lazarus\fpc\2.4.4\source\rtl\inc\systemh.inc"/>
        <WindowIndex Value="0"/>
        <TopLine Value="861"/>
        <CursorPos X="11" Y="886"/>
        <UsageCount Value="9"/>
      </Unit26>
      <Unit27>
        <Filename Value="C:\lazarus\lcl\fileutil.pas"/>
        <UnitName Value="FileUtil"/>
        <WindowIndex Value="0"/>
        <TopLine Value="199"/>
        <CursorPos X="10" Y="212"/>
        <UsageCount Value="9"/>
      </Unit27>
      <Unit28>
        <Filename Value="C:\lazarus\lcl\include\winfileutil.inc"/>
        <WindowIndex Value="0"/>
        <TopLine Value="515"/>
        <CursorPos X="17" Y="519"/>
        <UsageCount Value="4"/>
      </Unit28>
      <Unit29>
        <Filename Value="C:\lazarus\components\rxfpc\rxdbgrid.pas"/>
        <UnitName Value="rxdbgrid"/>
        <TopLine Value="52"/>
        <CursorPos X="6" Y="65"/>
        <UsageCount Value="9"/>
      </Unit29>
      <Unit30>
        <Filename Value="C:\lazarus\components\lnet\lazaruspackage\lnetcomponents.pas"/>
        <UnitName Value="lNetComponents"/>
        <WindowIndex Value="0"/>
        <TopLine Value="125"/>
        <CursorPos X="14" Y="138"/>
        <UsageCount Value="2"/>
      </Unit30>
      <Unit31>
        <Filename Value="C:\lazarus\fpc\2.4.4\source\packages\fcl-base\src\uriparser.pp"/>
        <UnitName Value="URIParser"/>
        <WindowIndex Value="0"/>
        <TopLine Value="43"/>
        <CursorPos X="14" Y="55"/>
        <UsageCount Value="1"/>
      </Unit31>
      <Unit32>
        <Filename Value="C:\lazarus\components\lnet\lib\lhttp.pp"/>
        <UnitName Value="lhttp"/>
        <WindowIndex Value="0"/>
        <TopLine Value="2042"/>
        <CursorPos X="10" Y="2020"/>
        <UsageCount Value="10"/>
      </Unit32>
      <Unit33>
        <Filename Value="components\lnet\lib\lnet.pp"/>
        <UnitName Value="lNet"/>
        <WindowIndex Value="0"/>
        <TopLine Value="281"/>
        <CursorPos X="14" Y="292"/>
        <UsageCount Value="10"/>
      </Unit33>
      <Unit34>
        <Filename Value="C:\lazarus\lcl\include\buttoncontrol.inc"/>
        <WindowIndex Value="0"/>
        <TopLine Value="63"/>
        <CursorPos X="1" Y="63"/>
        <UsageCount Value="10"/>
      </Unit34>
      <Unit35>
        <Filename Value="C:\lazarus\lcl\include\application.inc"/>
        <WindowIndex Value="0"/>
        <TopLine Value="337"/>
        <CursorPos X="1" Y="353"/>
        <UsageCount Value="3"/>
      </Unit35>
      <Unit36>
        <Filename Value="C:\lazarus\fpc\2.4.4\source\packages\fcl-base\src\custapp.pp"/>
        <UnitName Value="CustApp"/>
        <WindowIndex Value="0"/>
        <TopLine Value="113"/>
        <CursorPos X="86" Y="137"/>
        <UsageCount Value="3"/>
      </Unit36>
      <Unit37>
        <Filename Value="components\fparchive\abarctyp.pas"/>
        <UnitName Value="AbArcTyp"/>
        <WindowIndex Value="0"/>
        <TopLine Value="360"/>
        <CursorPos X="16" Y="369"/>
        <UsageCount Value="8"/>
      </Unit37>
      <Unit38>
        <Filename Value="components\fparchive\abdfdec.pas"/>
        <UnitName Value="AbDfDec"/>
        <WindowIndex Value="0"/>
        <TopLine Value="696"/>
        <CursorPos X="1" Y="705"/>
        <UsageCount Value="4"/>
      </Unit38>
      <Unit39>
        <Filename Value="C:\lazarus\fpc\2.4.4\source\rtl\inc\wstringh.inc"/>
        <WindowIndex Value="0"/>
        <TopLine Value="30"/>
        <CursorPos X="17" Y="44"/>
        <UsageCount Value="7"/>
      </Unit39>
      <Unit40>
        <Filename Value="C:\lazarus\fpc\2.4.4\source\rtl\inc\wstrings.inc"/>
        <WindowIndex Value="0"/>
        <TopLine Value="1641"/>
        <CursorPos X="5" Y="1646"/>
        <UsageCount Value="5"/>
      </Unit40>
      <Unit41>
        <Filename Value="components\rx\rxmemds.pas"/>
        <UnitName Value="rxmemds"/>
        <WindowIndex Value="0"/>
        <TopLine Value="1"/>
        <CursorPos X="94" Y="8"/>
        <UsageCount Value="9"/>
      </Unit41>
      <Unit42>
        <Filename Value="components\lnet\trunk\lib\lws2tcpip.pp"/>
        <UnitName Value="lws2tcpip"/>
        <WindowIndex Value="0"/>
        <TopLine Value="23"/>
        <CursorPos X="24" Y="33"/>
        <UsageCount Value="6"/>
      </Unit42>
      <Unit43>
        <Filename Value="ufindex.pas"/>
        <UnitName Value="uFindEx"/>
        <WindowIndex Value="0"/>
        <TopLine Value="201"/>
        <CursorPos X="8" Y="218"/>
        <UsageCount Value="5"/>
      </Unit43>
      <Unit44>
        <Filename Value="C:\lazarus\fpc\2.4.4\source\packages\fcl-xml\src\xmlwrite.pp"/>
        <UnitName Value="XMLWrite"/>
        <WindowIndex Value="0"/>
        <TopLine Value="661"/>
        <CursorPos X="38" Y="676"/>
        <UsageCount Value="5"/>
      </Unit44>
      <Unit45>
        <Filename Value="components\rx\dbutils.pas"/>
        <UnitName Value="dbutils"/>
        <TopLine Value="254"/>
        <CursorPos X="17" Y="266"/>
        <UsageCount Value="8"/>
      </Unit45>
      <Unit46>
        <Filename Value="C:\lazarus\fpc\2.4.4\source\packages\fcl-xml\src\xmlutils.pp"/>
        <UnitName Value="xmlutils"/>
        <WindowIndex Value="0"/>
        <TopLine Value="839"/>
        <CursorPos X="1" Y="1"/>
        <UsageCount Value="6"/>
      </Unit46>
      <Unit47>
        <Filename Value="C:\lazarus\fpc\2.4.4\source\rtl\inc\varianth.inc"/>
        <WindowIndex Value="0"/>
        <TopLine Value="205"/>
        <CursorPos X="17" Y="217"/>
        <UsageCount Value="6"/>
      </Unit47>
      <Unit48>
        <Filename Value="C:\lazarus\fpc\2.4.4\source\rtl\inc\variants.pp"/>
        <UnitName Value="variants"/>
        <WindowIndex Value="0"/>
        <TopLine Value="141"/>
        <CursorPos X="10" Y="151"/>
        <UsageCount Value="6"/>
      </Unit48>
      <Unit49>
        <Filename Value="C:\lazarus\lcl\interfaces\win32\win32listsl.inc"/>
        <WindowIndex Value="0"/>
        <TopLine Value="1"/>
        <CursorPos X="101" Y="3"/>
        <UsageCount Value="7"/>
      </Unit49>
      <Unit50>
        <Filename Value="C:\lazarus\fpc\2.4.4\source\rtl\inc\heaph.inc"/>
        <WindowIndex Value="0"/>
        <TopLine Value="57"/>
        <CursorPos X="23" Y="56"/>
        <UsageCount Value="7"/>
      </Unit50>
      <Unit51>
        <Filename Value="C:\lazarus\fpc\2.4.4\source\packages\fv\src\memory.pas"/>
        <UnitName Value="Memory"/>
        <WindowIndex Value="0"/>
        <TopLine Value="1"/>
        <CursorPos X="9" Y="626"/>
        <UsageCount Value="7"/>
      </Unit51>
      <Unit52>
        <Filename Value="C:\lazarus\fpc\2.4.4\source\packages\fv\src\fvcommon.pas"/>
        <UnitName Value="FVCommon"/>
        <WindowIndex Value="0"/>
        <TopLine Value="44"/>
        <CursorPos X="10" Y="239"/>
        <UsageCount Value="7"/>
      </Unit52>
      <Unit53>
        <Filename Value="..\..\..\work\lazarus\lcl\include\control.inc"/>
        <WindowIndex Value="0"/>
        <TopLine Value="2734"/>
        <CursorPos X="1" Y="2743"/>
        <UsageCount Value="10"/>
      </Unit53>
      <Unit54>
        <Filename Value="..\..\..\work\lazarus\lcl\include\buttoncontrol.inc"/>
        <WindowIndex Value="0"/>
        <TopLine Value="27"/>
        <CursorPos X="81" Y="67"/>
        <UsageCount Value="10"/>
      </Unit54>
      <Unit55>
        <Filename Value="..\..\csvdocument\demo\mainfrm.pas"/>
        <UnitName Value="mainfrm"/>
        <WindowIndex Value="0"/>
        <TopLine Value="98"/>
        <CursorPos X="1" Y="1"/>
        <UsageCount Value="10"/>
      </Unit55>
      <Unit56>
        <Filename Value="csvdocument.pas"/>
        <IsPartOfProject Value="True"/>
        <UnitName Value="CsvDocument"/>
        <WindowIndex Value="0"/>
        <TopLine Value="415"/>
        <CursorPos X="11" Y="390"/>
        <UsageCount Value="45"/>
      </Unit56>
      <Unit57>
        <Filename Value="components\lnet\trunk\lib\lcontainersh.inc"/>
        <WindowIndex Value="0"/>
        <TopLine Value="4"/>
        <CursorPos X="31" Y="17"/>
        <UsageCount Value="10"/>
      </Unit57>
      <Unit58>
        <Filename Value="Dictionary_en-rGB_zh-rCN.csv"/>
        <WindowIndex Value="0"/>
        <TopLine Value="1"/>
        <CursorPos X="78" Y="2"/>
        <UsageCount Value="11"/>
        <DefaultSyntaxHighlighter Value="None"/>
      </Unit58>
      <Unit59>
        <Filename Value="..\..\..\..\media\diskf\Linux\lazarus\kzdesktop_beta02\kzlazdesktop.pas"/>
        <ComponentName Value="KZLazDesktopInterface"/>
        <HasResources Value="True"/>
        <ResourceBaseClass Value="Form"/>
        <UnitName Value="KZLazDesktop"/>
        <WindowIndex Value="0"/>
        <TopLine Value="1538"/>
        <CursorPos X="70" Y="1543"/>
        <UsageCount Value="10"/>
      </Unit59>
      <Unit60>
        <Filename Value="..\..\..\..\usr\share\lazarus\1.1.99pre-release\ide\raw_window.pas"/>
        <UnitName Value="raw_window"/>
        <WindowIndex Value="0"/>
        <TopLine Value="1"/>
        <CursorPos X="1" Y="1"/>
        <UsageCount Value="10"/>
      </Unit60>
      <Unit61>
        <Filename Value="..\..\..\..\usr\share\lazarus\1.1.99pre-release\components\ideintf\componentreg.pas"/>
        <UnitName Value="ComponentReg"/>
        <WindowIndex Value="0"/>
        <TopLine Value="115"/>
        <CursorPos X="19" Y="129"/>
        <UsageCount Value="10"/>
      </Unit61>
    </Units>
    <JumpHistory Count="18" HistoryIndex="17">
      <Position1>
        <Filename Value="main.pas"/>
        <Caret Line="2182" Column="68" TopLine="2176"/>
      </Position1>
      <Position2>
        <Filename Value="main.pas"/>
        <Caret Line="2181" Column="68" TopLine="2175"/>
      </Position2>
      <Position3>
        <Filename Value="main.pas"/>
        <Caret Line="2180" Column="68" TopLine="2174"/>
      </Position3>
      <Position4>
        <Filename Value="main.pas"/>
        <Caret Line="2179" Column="68" TopLine="2173"/>
      </Position4>
      <Position5>
        <Filename Value="main.pas"/>
        <Caret Line="1321" Column="1" TopLine="1303"/>
      </Position5>
      <Position6>
        <Filename Value="main.pas"/>
        <Caret Line="2132" Column="3" TopLine="2105"/>
      </Position6>
      <Position7>
        <Filename Value="main.pas"/>
        <Caret Line="1322" Column="3" TopLine="1310"/>
      </Position7>
      <Position8>
        <Filename Value="main.pas"/>
        <Caret Line="1224" Column="3" TopLine="1213"/>
      </Position8>
      <Position9>
        <Filename Value="main.pas"/>
        <Caret Line="1142" Column="25" TopLine="1130"/>
      </Position9>
      <Position10>
        <Filename Value="main.pas"/>
        <Caret Line="1225" Column="3" TopLine="1213"/>
      </Position10>
      <Position11>
        <Filename Value="main.pas"/>
        <Caret Line="1219" Column="27" TopLine="1171"/>
      </Position11>
      <Position12>
        <Filename Value="main.pas"/>
        <Caret Line="1298" Column="38" TopLine="1298"/>
      </Position12>
      <Position13>
        <Filename Value="main.pas"/>
        <Caret Line="103" Column="7" TopLine="174"/>
      </Position13>
      <Position14>
        <Filename Value="main.pas"/>
        <Caret Line="853" Column="18" TopLine="847"/>
      </Position14>
      <Position15>
        <Filename Value="main.pas"/>
        <Caret Line="115" Column="20" TopLine="288"/>
      </Position15>
      <Position16>
        <Filename Value="main.pas"/>
        <Caret Line="853" Column="25" TopLine="841"/>
      </Position16>
      <Position17>
        <Filename Value="main.pas"/>
        <Caret Line="115" Column="27" TopLine="103"/>
      </Position17>
      <Position18>
        <Filename Value="main.pas"/>
        <Caret Line="413" Column="16" TopLine="408"/>
      </Position18>
    </JumpHistory>
  </ProjectOptions>
  <CompilerOptions>
    <Version Value="11"/>
    <PathDelim Value="\"/>
    <Target>
      <Filename Value="ApkTranslationWizard"/>
    </Target>
    <SearchPaths>
      <IncludeFiles Value="$(ProjOutDir)"/>
      <OtherUnitFiles Value="components\lnet\trunk\lib;components\lnet\trunk\lazaruspackage;components\rx"/>
      <UnitOutputDirectory Value="lib\$(TargetCPU)-$(TargetOS)"/>
    </SearchPaths>
    <CodeGeneration>
      <Optimizations>
        <UncertainOptimizations Value="True"/>
      </Optimizations>
      <SmallerCode Value="True"/>
    </CodeGeneration>
    <Linking>
      <Options>
        <Win32>
          <GraphicApplication Value="True"/>
        </Win32>
      </Options>
    </Linking>
    <Other>
      <CompilerMessages>
        <UseMsgFile Value="True"/>
      </CompilerMessages>
      <CompilerPath Value="$(CompPath)"/>
    </Other>
  </CompilerOptions>
  <Debugging>
    <BreakPoints Count="2">
      <Item1>
        <Kind Value="bpkSource"/>
        <WatchScope Value="wpsGlobal"/>
        <WatchKind Value="wpkWrite"/>
      </Item1>
      <Item2>
        <Kind Value="bpkSource"/>
        <WatchScope Value="wpsGlobal"/>
        <WatchKind Value="wpkWrite"/>
        <Source Value="csvdocument.pas"/>
        <Line Value="23"/>
      </Item2>
    </BreakPoints>
    <Watches Count="2">
      <Item1>
        <Expression Value="LastChar"/>
        <Enabled Value="False"/>
      </Item1>
      <Item2>
        <Expression Value="FCurrentChar"/>
        <Enabled Value="False"/>
      </Item2>
    </Watches>
    <Exceptions Count="5">
      <Item1>
        <Name Value="EAbort"/>
      </Item1>
      <Item2>
        <Name Value="ECodetoolError"/>
      </Item2>
      <Item3>
        <Name Value="EFOpenError"/>
      </Item3>
      <Item4>
        <Name Value="EDatabaseError"/>
      </Item4>
      <Item5>
        <Name Value="EInterfaceCritical"/>
      </Item5>
    </Exceptions>
  </Debugging>
  <EditorMacros Count="0"/>
</CONFIG>